
Microsoft Visual Studio Solution File, Format Version 12.00
# Visual Studio 2013
VisualStudioVersion = 12.0.31101.0
MinimumVisualStudioVersion = 10.0.40219.1
Project("{FAE04EC0-301F-11D3-BF4B-00C04F79EFBC}") = "Web", "Web\Web.csproj", "{1FCFC249-DF8E-4D0B-B9C6-F0F3678487D2}"
EndProject
Project("{FAE04EC0-301F-11D3-BF4B-00C04F79EFBC}") = "JustBlog", "JustBlog\JustBlog.csproj", "{088B74B4-09AA-42FD-80F4-5B9FC7D52A85}"
EndProject
Project("{FAE04EC0-301F-11D3-BF4B-00C04F79EFBC}") = "JustBlog.Core", "JustBlog.Core\JustBlog.Core.csproj", "{1CE517B2-49F6-443A-95F7-E25795B93573}"
EndProject
Project("{FAE04EC0-301F-11D3-BF4B-00C04F79EFBC}") = "JustBlog.Tests", "JustBlog.Tests\JustBlog.Tests.csproj", "{43788673-C34B-4F44-8DF8-078ED9999958}"
EndProject
Global
	GlobalSection(TeamFoundationVersionControl) = preSolution
		SccNumberOfProjects = 3
		SccEnterpriseProvider = {4CA58AB2-18FA-4F8D-95D4-32DDF27D184C}
		SccTeamFoundationServer = https://lee-kent.visualstudio.com/defaultcollection
		SccProjectUniqueName0 = Web\\Web.csproj
		SccProjectName0 = Web
		SccAuxPath0 = https://lee-kent.visualstudio.com/defaultcollection
		SccLocalPath0 = Web
		SccProvider0 = {4CA58AB2-18FA-4F8D-95D4-32DDF27D184C}
		SccProjectUniqueName1 = JustBlog.Core\\JustBlog.Core.csproj
		SccProjectName1 = JustBlog.Core
		SccAuxPath1 = https://lee-kent.visualstudio.com/defaultcollection
		SccLocalPath1 = JustBlog.Core
		SccProvider1 = {4CA58AB2-18FA-4F8D-95D4-32DDF27D184C}
		SccProjectUniqueName2 = JustBlog\\JustBlog.csproj
		SccProjectName2 = JustBlog
		SccAuxPath2 = https://lee-kent.visualstudio.com/defaultcollection
		SccLocalPath2 = JustBlog
		SccProvider2 = {4CA58AB2-18FA-4F8D-95D4-32DDF27D184C}
	EndGlobalSection
	GlobalSection(SolutionConfigurationPlatforms) = preSolution
		Debug|Any CPU = Debug|Any CPU
		Release|Any CPU = Release|Any CPU
	EndGlobalSection
	GlobalSection(ProjectConfigurationPlatforms) = postSolution
		{1FCFC249-DF8E-4D0B-B9C6-F0F3678487D2}.Debug|Any CPU.ActiveCfg = Debug|Any CPU
		{1FCFC249-DF8E-4D0B-B9C6-F0F3678487D2}.Debug|Any CPU.Build.0 = Debug|Any CPU
		{1FCFC249-DF8E-4D0B-B9C6-F0F3678487D2}.Release|Any CPU.ActiveCfg = Release|Any CPU
		{1FCFC249-DF8E-4D0B-B9C6-F0F3678487D2}.Release|Any CPU.Build.0 = Release|Any CPU
		{088B74B4-09AA-42FD-80F4-5B9FC7D52A85}.Debug|Any CPU.ActiveCfg = Debug|Any CPU
		{088B74B4-09AA-42FD-80F4-5B9FC7D52A85}.Debug|Any CPU.Build.0 = Debug|Any CPU
		{088B74B4-09AA-42FD-80F4-5B9FC7D52A85}.Release|Any CPU.ActiveCfg = Release|Any CPU
		{088B74B4-09AA-42FD-80F4-5B9FC7D52A85}.Release|Any CPU.Build.0 = Release|Any CPU
		{1CE517B2-49F6-443A-95F7-E25795B93573}.Debug|Any CPU.ActiveCfg = Debug|Any CPU
		{1CE517B2-49F6-443A-95F7-E25795B93573}.Debug|Any CPU.Build.0 = Debug|Any CPU
		{1CE517B2-49F6-443A-95F7-E25795B93573}.Release|Any CPU.ActiveCfg = Release|Any CPU
		{1CE517B2-49F6-443A-95F7-E25795B93573}.Release|Any CPU.Build.0 = Release|Any CPU
		{43788673-C34B-4F44-8DF8-078ED9999958}.Debug|Any CPU.ActiveCfg = Debug|Any CPU
		{43788673-C34B-4F44-8DF8-078ED9999958}.Debug|Any CPU.Build.0 = Debug|Any CPU
		{43788673-C34B-4F44-8DF8-078ED9999958}.Release|Any CPU.ActiveCfg = Release|Any CPU
		{43788673-C34B-4F44-8DF8-078ED9999958}.Release|Any CPU.Build.0 = Release|Any CPU
	EndGlobalSection
	GlobalSection(SolutionProperties) = preSolution
		HideSolutionNode = FALSE
	EndGlobalSection
EndGlobal
